
Microsoft Visual Studio Solution File, Format Version 12.00
# Visual Studio 15
VisualStudioVersion = 15.0.28307.168
MinimumVisualStudioVersion = 10.0.40219.1
Project("{8BC9CEB8-8B4A-11D0-8D11-00A0C91BC942}") = "Maze of the Minotaur", "Maze of the Minotaur.vcxproj", "{4406BCF2-4786-4D5B-BF42-FFA1FD23ED66}"
EndProject
Global
	GlobalSection(SolutionConfigurationPlatforms) = preSolution
		Debug|x64 = Debug|x64
		Debug|x86 = Debug|x86
		Release|x64 = Release|x64
		Release|x86 = Release|x86
	EndGlobalSection
	GlobalSection(ProjectConfigurationPlatforms) = postSolution
		{4406BCF2-4786-4D5B-BF42-FFA1FD23ED66}.Debug|x64.ActiveCfg = Debug|x64
		{4406BCF2-4786-4D5B-BF42-FFA1FD23ED66}.Debug|x64.Build.0 = Debug|x64
		{4406BCF2-4786-4D5B-BF42-FFA1FD23ED66}.Debug|x86.ActiveCfg = Debug|Win32
		{4406BCF2-4786-4D5B-BF42-FFA1FD23ED66}.Debug|x86.Build.0 = Debug|Win32
		{4406BCF2-4786-4D5B-BF42-FFA1FD23ED66}.Release|x64.ActiveCfg = Release|x64
		{4406BCF2-4786-4D5B-BF42-FFA1FD23ED66}.Release|x64.Build.0 = Release|x64
		{4406BCF2-4786-4D5B-BF42-FFA1FD23ED66}.Release|x86.ActiveCfg = Release|Win32
		{4406BCF2-4786-4D5B-BF42-FFA1FD23ED66}.Release|x86.Build.0 = Release|Win32
	EndGlobalSection
	GlobalSection(SolutionProperties) = preSolution
		HideSolutionNode = FALSE
	EndGlobalSection
	GlobalSection(ExtensibilityGlobals) = postSolution
		SolutionGuid = {CB9CE9DC-013E-4952-8A32-7C8B0C727A39}
	EndGlobalSection
EndGlobal
